
Microsoft Visual Studio Solution File, Format Version 12.00
# Visual Studio Version 17
VisualStudioVersion = 17.1.32319.34
MinimumVisualStudioVersion = 10.0.40219.1
Project("{9A19103F-16F7-4668-BE54-9A1E7A4F7556}") = "Design_Patterns", "Design_Patterns\Design_Patterns.csproj", "{45494688-34EE-41DE-920E-A3565A211775}"
EndProject
Project("{9A19103F-16F7-4668-BE54-9A1E7A4F7556}") = "Prototype", "Prototype\Prototype.csproj", "{725F8747-1D20-4DD5-A463-0F896A114BDE}"
EndProject
Project("{9A19103F-16F7-4668-BE54-9A1E7A4F7556}") = "AbstractFactory", "AbstractFactory\AbstractFactory.csproj", "{CA7E12BE-6650-4C28-93F1-FC2280DAA181}"
EndProject
Project("{FAE04EC0-301F-11D3-BF4B-00C04F79EFBC}") = "Singleton", "Singleton\Singleton.csproj", "{1F083FDE-D55F-452F-AE7C-706B4F832D12}"
EndProject
Project("{FAE04EC0-301F-11D3-BF4B-00C04F79EFBC}") = "Adapter", "Adapter\Adapter.csproj", "{6F111A61-B918-4213-850A-798E2C4E2602}"
EndProject
Project("{FAE04EC0-301F-11D3-BF4B-00C04F79EFBC}") = "Composite", "Composite\Composite.csproj", "{EA02A17A-1DD2-4315-AEC9-35621A8A5CE3}"
EndProject
Global
	GlobalSection(SolutionConfigurationPlatforms) = preSolution
		Debug|Any CPU = Debug|Any CPU
		Release|Any CPU = Release|Any CPU
	EndGlobalSection
	GlobalSection(ProjectConfigurationPlatforms) = postSolution
		{45494688-34EE-41DE-920E-A3565A211775}.Debug|Any CPU.ActiveCfg = Debug|Any CPU
		{45494688-34EE-41DE-920E-A3565A211775}.Debug|Any CPU.Build.0 = Debug|Any CPU
		{45494688-34EE-41DE-920E-A3565A211775}.Release|Any CPU.ActiveCfg = Release|Any CPU
		{45494688-34EE-41DE-920E-A3565A211775}.Release|Any CPU.Build.0 = Release|Any CPU
		{725F8747-1D20-4DD5-A463-0F896A114BDE}.Debug|Any CPU.ActiveCfg = Debug|Any CPU
		{725F8747-1D20-4DD5-A463-0F896A114BDE}.Debug|Any CPU.Build.0 = Debug|Any CPU
		{725F8747-1D20-4DD5-A463-0F896A114BDE}.Release|Any CPU.ActiveCfg = Release|Any CPU
		{725F8747-1D20-4DD5-A463-0F896A114BDE}.Release|Any CPU.Build.0 = Release|Any CPU
		{CA7E12BE-6650-4C28-93F1-FC2280DAA181}.Debug|Any CPU.ActiveCfg = Debug|Any CPU
		{CA7E12BE-6650-4C28-93F1-FC2280DAA181}.Debug|Any CPU.Build.0 = Debug|Any CPU
		{CA7E12BE-6650-4C28-93F1-FC2280DAA181}.Release|Any CPU.ActiveCfg = Release|Any CPU
		{CA7E12BE-6650-4C28-93F1-FC2280DAA181}.Release|Any CPU.Build.0 = Release|Any CPU
		{1F083FDE-D55F-452F-AE7C-706B4F832D12}.Debug|Any CPU.ActiveCfg = Debug|Any CPU
		{1F083FDE-D55F-452F-AE7C-706B4F832D12}.Debug|Any CPU.Build.0 = Debug|Any CPU
		{1F083FDE-D55F-452F-AE7C-706B4F832D12}.Release|Any CPU.ActiveCfg = Release|Any CPU
		{1F083FDE-D55F-452F-AE7C-706B4F832D12}.Release|Any CPU.Build.0 = Release|Any CPU
		{6F111A61-B918-4213-850A-798E2C4E2602}.Debug|Any CPU.ActiveCfg = Debug|Any CPU
		{6F111A61-B918-4213-850A-798E2C4E2602}.Debug|Any CPU.Build.0 = Debug|Any CPU
		{6F111A61-B918-4213-850A-798E2C4E2602}.Release|Any CPU.ActiveCfg = Release|Any CPU
		{6F111A61-B918-4213-850A-798E2C4E2602}.Release|Any CPU.Build.0 = Release|Any CPU
		{EA02A17A-1DD2-4315-AEC9-35621A8A5CE3}.Debug|Any CPU.ActiveCfg = Debug|Any CPU
		{EA02A17A-1DD2-4315-AEC9-35621A8A5CE3}.Debug|Any CPU.Build.0 = Debug|Any CPU
		{EA02A17A-1DD2-4315-AEC9-35621A8A5CE3}.Release|Any CPU.ActiveCfg = Release|Any CPU
		{EA02A17A-1DD2-4315-AEC9-35621A8A5CE3}.Release|Any CPU.Build.0 = Release|Any CPU
	EndGlobalSection
	GlobalSection(SolutionProperties) = preSolution
		HideSolutionNode = FALSE
	EndGlobalSection
	GlobalSection(ExtensibilityGlobals) = postSolution
		SolutionGuid = {70F664FE-AE89-45CB-803D-89422FA78A13}
	EndGlobalSection
EndGlobal
